
Microsoft Visual Studio Solution File, Format Version 12.00
# Visual Studio Version 17
VisualStudioVersion = 17.4.33122.133
MinimumVisualStudioVersion = 10.0.40219.1
Project("{FAE04EC0-301F-11D3-BF4B-00C04F79EFBC}") = "OurTracker", "OurTracker\OurTracker.csproj", "{7601AB35-B290-494A-A468-31EB62F54974}"
EndProject
Project("{FAE04EC0-301F-11D3-BF4B-00C04F79EFBC}") = "OurTrackerTechDemo", "OurTrackerTechDemo\OurTrackerTechDemo.csproj", "{5DD85F05-70D1-4A05-9D8D-E4F404E9A42A}"
EndProject
Project("{FAE04EC0-301F-11D3-BF4B-00C04F79EFBC}") = "TrackerCommon", "TrackerCommon\TrackerCommon.csproj", "{49441959-EB19-4391-ACB3-D8343FAF5566}"
EndProject
Global
	GlobalSection(SolutionConfigurationPlatforms) = preSolution
		Debug|Any CPU = Debug|Any CPU
		Release|Any CPU = Release|Any CPU
	EndGlobalSection
	GlobalSection(ProjectConfigurationPlatforms) = postSolution
		{7601AB35-B290-494A-A468-31EB62F54974}.Debug|Any CPU.ActiveCfg = Debug|Any CPU
		{7601AB35-B290-494A-A468-31EB62F54974}.Debug|Any CPU.Build.0 = Debug|Any CPU
		{7601AB35-B290-494A-A468-31EB62F54974}.Release|Any CPU.ActiveCfg = Release|Any CPU
		{7601AB35-B290-494A-A468-31EB62F54974}.Release|Any CPU.Build.0 = Release|Any CPU
		{5DD85F05-70D1-4A05-9D8D-E4F404E9A42A}.Debug|Any CPU.ActiveCfg = Debug|Any CPU
		{5DD85F05-70D1-4A05-9D8D-E4F404E9A42A}.Debug|Any CPU.Build.0 = Debug|Any CPU
		{5DD85F05-70D1-4A05-9D8D-E4F404E9A42A}.Release|Any CPU.ActiveCfg = Release|Any CPU
		{5DD85F05-70D1-4A05-9D8D-E4F404E9A42A}.Release|Any CPU.Build.0 = Release|Any CPU
		{49441959-EB19-4391-ACB3-D8343FAF5566}.Debug|Any CPU.ActiveCfg = Debug|Any CPU
		{49441959-EB19-4391-ACB3-D8343FAF5566}.Debug|Any CPU.Build.0 = Debug|Any CPU
		{49441959-EB19-4391-ACB3-D8343FAF5566}.Release|Any CPU.ActiveCfg = Release|Any CPU
		{49441959-EB19-4391-ACB3-D8343FAF5566}.Release|Any CPU.Build.0 = Release|Any CPU
	EndGlobalSection
	GlobalSection(SolutionProperties) = preSolution
		HideSolutionNode = FALSE
	EndGlobalSection
	GlobalSection(ExtensibilityGlobals) = postSolution
		SolutionGuid = {25710336-AABD-43F0-AE7C-2193D0408F47}
	EndGlobalSection
EndGlobal
